
Microsoft Visual Studio Solution File, Format Version 12.00
# Visual Studio Version 17
VisualStudioVersion = 17.14.36623.8 d17.14
MinimumVisualStudioVersion = 10.0.40219.1
Project("{FAE04EC0-301F-11D3-BF4B-00C04F79EFBC}") = "MDFExplorerGUI", "MDFExplorerGUI.csproj", "{83546DE2-CB7A-62E9-FDAD-6F80B1FA4F60}"
EndProject
Global
	GlobalSection(SolutionConfigurationPlatforms) = preSolution
		Debug|Any CPU = Debug|Any CPU
		Release|Any CPU = Release|Any CPU
	EndGlobalSection
	GlobalSection(ProjectConfigurationPlatforms) = postSolution
		{83546DE2-CB7A-62E9-FDAD-6F80B1FA4F60}.Debug|Any CPU.ActiveCfg = Debug|Any CPU
		{83546DE2-CB7A-62E9-FDAD-6F80B1FA4F60}.Debug|Any CPU.Build.0 = Debug|Any CPU
		{83546DE2-CB7A-62E9-FDAD-6F80B1FA4F60}.Release|Any CPU.ActiveCfg = Release|Any CPU
		{83546DE2-CB7A-62E9-FDAD-6F80B1FA4F60}.Release|Any CPU.Build.0 = Release|Any CPU
	EndGlobalSection
	GlobalSection(SolutionProperties) = preSolution
		HideSolutionNode = FALSE
	EndGlobalSection
	GlobalSection(ExtensibilityGlobals) = postSolution
		SolutionGuid = {9E33D2E2-E9AB-4D5D-9F19-FC52F8D25028}
	EndGlobalSection
EndGlobal
